// !$*UTF8*$!
{
	archiveVersion = 1;
	classes = {
	};
	objectVersion = 46;
	objects = {

/* Begin PBXBuildFile section */
		04BA46981CA1C9340005B0D8 /* AppDelegate.swift in Sources */ = {isa = PBXBuildFile; fileRef = 04BA46971CA1C9340005B0D8 /* AppDelegate.swift */; };
		04BA469A1CA1C9340005B0D8 /* ViewController.swift in Sources */ = {isa = PBXBuildFile; fileRef = 04BA46991CA1C9340005B0D8 /* ViewController.swift */; };
		04BA469D1CA1C9340005B0D8 /* Main.storyboard in Resources */ = {isa = PBXBuildFile; fileRef = 04BA469B1CA1C9340005B0D8 /* Main.storyboard */; };
		04BA469F1CA1C9340005B0D8 /* Assets.xcassets in Resources */ = {isa = PBXBuildFile; fileRef = 04BA469E1CA1C9340005B0D8 /* Assets.xcassets */; };
		04BA46A21CA1C9340005B0D8 /* LaunchScreen.storyboard in Resources */ = {isa = PBXBuildFile; fileRef = 04BA46A01CA1C9340005B0D8 /* LaunchScreen.storyboard */; };
		04BA46AD1CA1C9350005B0D8 /* JasonShepherdTicTacToeTests.swift in Sources */ = {isa = PBXBuildFile; fileRef = 04BA46AC1CA1C9350005B0D8 /* JasonShepherdTicTacToeTests.swift */; };
		04BA46B81CA1C9350005B0D8 /* JasonShepherdTicTacToeUITests.swift in Sources */ = {isa = PBXBuildFile; fileRef = 04BA46B71CA1C9350005B0D8 /* JasonShepherdTicTacToeUITests.swift */; };
		04BA46C61CA2F2690005B0D8 /* tictactoe.png in Resources */ = {isa = PBXBuildFile; fileRef = 04BA46C51CA2F2690005B0D8 /* tictactoe.png */; };
		04CCDE7D1CA3984C008B12C2 /* cross.png in Resources */ = {isa = PBXBuildFile; fileRef = 04CCDE7C1CA3984C008B12C2 /* cross.png */; };
		04CCDE7F1CA39862008B12C2 /* circle.png in Resources */ = {isa = PBXBuildFile; fileRef = 04CCDE7E1CA39862008B12C2 /* circle.png */; };
/* End PBXBuildFile section */

/* Begin PBXContainerItemProxy section */
		04BA46A91CA1C9350005B0D8 /* PBXContainerItemProxy */ = {
			isa = PBXContainerItemProxy;
			containerPortal = 04BA468C1CA1C9340005B0D8 /* Project object */;
			proxyType = 1;
			remoteGlobalIDString = 04BA46931CA1C9340005B0D8;
			remoteInfo = JasonShepherdTicTacToe;
		};
		04BA46B41CA1C9350005B0D8 /* PBXContainerItemProxy */ = {
			isa = PBXContainerItemProxy;
			containerPortal = 04BA468C1CA1C9340005B0D8 /* Project object */;
			proxyType = 1;
			remoteGlobalIDString = 04BA46931CA1C9340005B0D8;
			remoteInfo = JasonShepherdTicTacToe;
		};
/* End PBXContainerItemProxy section */

/* Begin PBXFileReference section */
		04BA46941CA1C9340005B0D8 /* JasonShepherdTicTacToe.app */ = {isa = PBXFileReference; explicitFileType = wrapper.application; includeInIndex = 0; path = JasonShepherdTicTacToe.app; sourceTree = BUILT_PRODUCTS_DIR; };
		04BA46971CA1C9340005B0D8 /* AppDelegate.swift */ = {isa = PBXFileReference; lastKnownFileType = sourcecode.swift; path = AppDelegate.swift; sourceTree = "<group>"; };
		04BA46991CA1C9340005B0D8 /* ViewController.swift */ = {isa = PBXFileReference; lastKnownFileType = sourcecode.swift; path = ViewController.swift; sourceTree = "<group>"; };
		04BA469C1CA1C9340005B0D8 /* Base */ = {isa = PBXFileReference; lastKnownFileType = file.storyboard; name = Base; path = Base.lproj/Main.storyboard; sourceTree = "<group>"; };
		04BA469E1CA1C9340005B0D8 /* Assets.xcassets */ = {isa = PBXFileReference; lastKnownFileType = folder.assetcatalog; path = Assets.xcassets; sourceTree = "<group>"; };
		04BA46A11CA1C9340005B0D8 /* Base */ = {isa = PBXFileReference; lastKnownFileType = file.storyboard; name = Base; path = Base.lproj/LaunchScreen.storyboard; sourceTree = "<group>"; };
		04BA46A31CA1C9340005B0D8 /* Info.plist */ = {isa = PBXFileReference; lastKnownFileType = text.plist.xml; path = Info.plist; sourceTree = "<group>"; };
		04BA46A81CA1C9350005B0D8 /* JasonShepherdTicTacToeTests.xctest */ = {isa = PBXFileReference; explicitFileType = wrapper.cfbundle; includeInIndex = 0; path = JasonShepherdTicTacToeTests.xctest; sourceTree = BUILT_PRODUCTS_DIR; };
		04BA46AC1CA1C9350005B0D8 /* JasonShepherdTicTacToeTests.swift */ = {isa = PBXFileReference; lastKnownFileType = sourcecode.swift; path = JasonShepherdTicTacToeTests.swift; sourceTree = "<group>"; };
		04BA46AE1CA1C9350005B0D8 /* Info.plist */ = {isa = PBXFileReference; lastKnownFileType = text.plist.xml; path = Info.plist; sourceTree = "<group>"; };
		04BA46B31CA1C9350005B0D8 /* JasonShepherdTicTacToeUITests.xctest */ = {isa = PBXFileReference; explicitFileType = wrapper.cfbundle; includeInIndex = 0; path = JasonShepherdTicTacToeUITests.xctest; sourceTree = BUILT_PRODUCTS_DIR; };
		04BA46B71CA1C9350005B0D8 /* JasonShepherdTicTacToeUITests.swift */ = {isa = PBXFileReference; lastKnownFileType = sourcecode.swift; path = JasonShepherdTicTacToeUITests.swift; sourceTree = "<group>"; };
		04BA46B91CA1C9350005B0D8 /* Info.plist */ = {isa = PBXFileReference; lastKnownFileType = text.plist.xml; path = Info.plist; sourceTree = "<group>"; };
		04BA46C51CA2F2690005B0D8 /* tictactoe.png */ = {isa = PBXFileReference; lastKnownFileType = image.png; path = tictactoe.png; sourceTree = "<group>"; };
		04CCDE7C1CA3984C008B12C2 /* cross.png */ = {isa = PBXFileReference; lastKnownFileType = image.png; path = cross.png; sourceTree = "<group>"; };
		04CCDE7E1CA39862008B12C2 /* circle.png */ = {isa = PBXFileReference; lastKnownFileType = image.png; path = circle.png; sourceTree = "<group>"; };
/* End PBXFileReference section */

/* Begin PBXFrameworksBuildPhase section */
		04BA46911CA1C9340005B0D8 /* Frameworks */ = {
			isa = PBXFrameworksBuildPhase;
			buildActionMask = 2147483647;
			files = (
			);
			runOnlyForDeploymentPostprocessing = 0;
		};
		04BA46A51CA1C9350005B0D8 /* Frameworks */ = {
			isa = PBXFrameworksBuildPhase;
			buildActionMask = 2147483647;
			files = (
			);
			runOnlyForDeploymentPostprocessing = 0;
		};
		04BA46B01CA1C9350005B0D8 /* Frameworks */ = {
			isa = PBXFrameworksBuildPhase;
			buildActionMask = 2147483647;
			files = (
			);
			runOnlyForDeploymentPostprocessing = 0;
		};
/* End PBXFrameworksBuildPhase section */

/* Begin PBXGroup section */
		04BA468B1CA1C9340005B0D8 = {
			isa = PBXGroup;
			children = (
				04BA46961CA1C9340005B0D8 /* JasonShepherdTicTacToe */,
				04BA46AB1CA1C9350005B0D8 /* JasonShepherdTicTacToeTests */,
				04BA46B61CA1C9350005B0D8 /* JasonShepherdTicTacToeUITests */,
				04BA46951CA1C9340005B0D8 /* Products */,
			);
			sourceTree = "<group>";
		};
		04BA46951CA1C9340005B0D8 /* Products */ = {
			isa = PBXGroup;
			children = (
				04BA46941CA1C9340005B0D8 /* JasonShepherdTicTacToe.app */,
				04BA46A81CA1C9350005B0D8 /* JasonShepherdTicTacToeTests.xctest */,
				04BA46B31CA1C9350005B0D8 /* JasonShepherdTicTacToeUITests.xctest */,
			);
			name = Products;
			sourceTree = "<group>";
		};
		04BA46961CA1C9340005B0D8 /* JasonShepherdTicTacToe */ = {
			isa = PBXGroup;
			children = (
				04BA46C51CA2F2690005B0D8 /* tictactoe.png */,
				04CCDE7C1CA3984C008B12C2 /* cross.png */,
				04CCDE7E1CA39862008B12C2 /* circle.png */,
				04BA46971CA1C9340005B0D8 /* AppDelegate.swift */,
				04BA46991CA1C9340005B0D8 /* ViewController.swift */,
				04BA469B1CA1C9340005B0D8 /* Main.storyboard */,
				04BA469E1CA1C9340005B0D8 /* Assets.xcassets */,
				04BA46A01CA1C9340005B0D8 /* LaunchScreen.storyboard */,
				04BA46A31CA1C9340005B0D8 /* Info.plist */,
			);
			path = JasonShepherdTicTacToe;
			sourceTree = "<group>";
		};
		04BA46AB1CA1C9350005B0D8 /* JasonShepherdTicTacToeTests */ = {
			isa = PBXGroup;
			children = (
				04BA46AC1CA1C9350005B0D8 /* JasonShepherdTicTacToeTests.swift */,
				04BA46AE1CA1C9350005B0D8 /* Info.plist */,
			);
			path = JasonShepherdTicTacToeTests;
			sourceTree = "<group>";
		};
		04BA46B61CA1C9350005B0D8 /* JasonShepherdTicTacToeUITests */ = {
			isa = PBXGroup;
			children = (
				04BA46B71CA1C9350005B0D8 /* JasonShepherdTicTacToeUITests.swift */,
				04BA46B91CA1C9350005B0D8 /* Info.plist */,
			);
			path = JasonShepherdTicTacToeUITests;
			sourceTree = "<group>";
		};
/* End PBXGroup section */

/* Begin PBXNativeTarget section */
		04BA46931CA1C9340005B0D8 /* JasonShepherdTicTacToe */ = {
			isa = PBXNativeTarget;
			buildConfigurationList = 04BA46BC1CA1C9350005B0D8 /* Build configuration list for PBXNativeTarget "JasonShepherdTicTacToe" */;
			buildPhases = (
				04BA46901CA1C9340005B0D8 /* Sources */,
				04BA46911CA1C9340005B0D8 /* Frameworks */,
				04BA46921CA1C9340005B0D8 /* Resources */,
			);
			buildRules = (
			);
			dependencies = (
			);
			name = JasonShepherdTicTacToe;
			productName = JasonShepherdTicTacToe;
			productReference = 04BA46941CA1C9340005B0D8 /* JasonShepherdTicTacToe.app */;
			productType = "com.apple.product-type.application";
		};
		04BA46A71CA1C9350005B0D8 /* JasonShepherdTicTacToeTests */ = {
			isa = PBXNativeTarget;
			buildConfigurationList = 04BA46BF1CA1C9350005B0D8 /* Build configuration list for PBXNativeTarget "JasonShepherdTicTacToeTests" */;
			buildPhases = (
				04BA46A41CA1C9350005B0D8 /* Sources */,
				04BA46A51CA1C9350005B0D8 /* Frameworks */,
				04BA46A61CA1C9350005B0D8 /* Resources */,
			);
			buildRules = (
			);
			dependencies = (
				04BA46AA1CA1C9350005B0D8 /* PBXTargetDependency */,
			);
			name = JasonShepherdTicTacToeTests;
			productName = JasonShepherdTicTacToeTests;
			productReference = 04BA46A81CA1C9350005B0D8 /* JasonShepherdTicTacToeTests.xctest */;
			productType = "com.apple.product-type.bundle.unit-test";
		};
		04BA46B21CA1C9350005B0D8 /* JasonShepherdTicTacToeUITests */ = {
			isa = PBXNativeTarget;
			buildConfigurationList = 04BA46C21CA1C9350005B0D8 /* Build configuration list for PBXNativeTarget "JasonShepherdTicTacToeUITests" */;
			buildPhases = (
				04BA46AF1CA1C9350005B0D8 /* Sources */,
				04BA46B01CA1C9350005B0D8 /* Frameworks */,
				04BA46B11CA1C9350005B0D8 /* Resources */,
			);
			buildRules = (
			);
			dependencies = (
				04BA46B51CA1C9350005B0D8 /* PBXTargetDependency */,
			);
			name = JasonShepherdTicTacToeUITests;
			productName = JasonShepherdTicTacToeUITests;
			productReference = 04BA46B31CA1C9350005B0D8 /* JasonShepherdTicTacToeUITests.xctest */;
			productType = "com.apple.product-type.bundle.ui-testing";
		};
/* End PBXNativeTarget section */

/* Begin PBXProject section */
		04BA468C1CA1C9340005B0D8 /* Project object */ = {
			isa = PBXProject;
			attributes = {
				LastSwiftUpdateCheck = 0730;
				LastUpgradeCheck = 0730;
				ORGANIZATIONNAME = "Salt Lake Community College";
				TargetAttributes = {
					04BA46931CA1C9340005B0D8 = {
						CreatedOnToolsVersion = 7.3;
					};
					04BA46A71CA1C9350005B0D8 = {
						CreatedOnToolsVersion = 7.3;
						TestTargetID = 04BA46931CA1C9340005B0D8;
					};
					04BA46B21CA1C9350005B0D8 = {
						CreatedOnToolsVersion = 7.3;
						TestTargetID = 04BA46931CA1C9340005B0D8;
					};
				};
			};
			buildConfigurationList = 04BA468F1CA1C9340005B0D8 /* Build configuration list for PBXProject "JasonShepherdTicTacToe" */;
			compatibilityVersion = "Xcode 3.2";
			developmentRegion = English;
			hasScannedForEncodings = 0;
			knownRegions = (
				en,
				Base,
			);
			mainGroup = 04BA468B1CA1C9340005B0D8;
			productRefGroup = 04BA46951CA1C9340005B0D8 /* Products */;
			projectDirPath = "";
			projectRoot = "";
			targets = (
				04BA46931CA1C9340005B0D8 /* JasonShepherdTicTacToe */,
				04BA46A71CA1C9350005B0D8 /* JasonShepherdTicTacToeTests */,
				04BA46B21CA1C9350005B0D8 /* JasonShepherdTicTacToeUITests */,
			);
		};
/* End PBXProject section */

/* Begin PBXResourcesBuildPhase section */
		04BA46921CA1C9340005B0D8 /* Resources */ = {
			isa = PBXResourcesBuildPhase;
			buildActionMask = 2147483647;
			files = (
				04CCDE7D1CA3984C008B12C2 /* cross.png in Resources */,
				04BA46C61CA2F2690005B0D8 /* tictactoe.png in Resources */,
				04BA46A21CA1C9340005B0D8 /* LaunchScreen.storyboard in Resources */,
				04CCDE7F1CA39862008B12C2 /* circle.png in Resources */,
				04BA469F1CA1C9340005B0D8 /* Assets.xcassets in Resources */,
				04BA469D1CA1C9340005B0D8 /* Main.storyboard in Resources */,
			);
			runOnlyForDeploymentPostprocessing = 0;
		};
		04BA46A61CA1C9350005B0D8 /* Resources */ = {
			isa = PBXResourcesBuildPhase;
			buildActionMask = 2147483647;
			files = (
			);
			runOnlyForDeploymentPostprocessing = 0;
		};
		04BA46B11CA1C9350005B0D8 /* Resources */ = {
			isa = PBXResourcesBuildPhase;
			buildActionMask = 2147483647;
			files = (
			);
			runOnlyForDeploymentPostprocessing = 0;
		};
/* End PBXResourcesBuildPhase section */

/* Begin PBXSourcesBuildPhase section */
		04BA46901CA1C9340005B0D8 /* Sources */ = {
			isa = PBXSourcesBuildPhase;
			buildActionMask = 2147483647;
			files = (
				04BA469A1CA1C9340005B0D8 /* ViewController.swift in Sources */,
				04BA46981CA1C9340005B0D8 /* AppDelegate.swift in Sources */,
			);
			runOnlyForDeploymentPostprocessing = 0;
		};
		04BA46A41CA1C9350005B0D8 /* Sources */ = {
			isa = PBXSourcesBuildPhase;
			buildActionMask = 2147483647;
			files = (
				04BA46AD1CA1C9350005B0D8 /* JasonShepherdTicTacToeTests.swift in Sources */,
			);
			runOnlyForDeploymentPostprocessing = 0;
		};
		04BA46AF1CA1C9350005B0D8 /* Sources */ = {
			isa = PBXSourcesBuildPhase;
			buildActionMask = 2147483647;
			files = (
				04BA46B81CA1C9350005B0D8 /* JasonShepherdTicTacToeUITests.swift in Sources */,
			);
			runOnlyForDeploymentPostprocessing = 0;
		};
/* End PBXSourcesBuildPhase section */

/* Begin PBXTargetDependency section */
		04BA46AA1CA1C9350005B0D8 /* PBXTargetDependency */ = {
			isa = PBXTargetDependency;
			target = 04BA46931CA1C9340005B0D8 /* JasonShepherdTicTacToe */;
			targetProxy = 04BA46A91CA1C9350005B0D8 /* PBXContainerItemProxy */;
		};
		04BA46B51CA1C9350005B0D8 /* PBXTargetDependency */ = {
			isa = PBXTargetDependency;
			target = 04BA46931CA1C9340005B0D8 /* JasonShepherdTicTacToe */;
			targetProxy = 04BA46B41CA1C9350005B0D8 /* PBXContainerItemProxy */;
		};
/* End PBXTargetDependency section */

/* Begin PBXVariantGroup section */
		04BA469B1CA1C9340005B0D8 /* Main.storyboard */ = {
			isa = PBXVariantGroup;
			children = (
				04BA469C1CA1C9340005B0D8 /* Base */,
			);
			name = Main.storyboard;
			sourceTree = "<group>";
		};
		04BA46A01CA1C9340005B0D8 /* LaunchScreen.storyboard */ = {
			isa = PBXVariantGroup;
			children = (
				04BA46A11CA1C9340005B0D8 /* Base */,
			);
			name = LaunchScreen.storyboard;
			sourceTree = "<group>";
		};
/* End PBXVariantGroup section */

/* Begin XCBuildConfiguration section */
		04BA46BA1CA1C9350005B0D8 /* Debug */ = {
			isa = XCBuildConfiguration;
			buildSettings = {
				ALWAYS_SEARCH_USER_PATHS = NO;
				CLANG_ANALYZER_NONNULL = YES;
				CLANG_CXX_LANGUAGE_STANDARD = "gnu++0x";
				CLANG_CXX_LIBRARY = "libc++";
				CLANG_ENABLE_MODULES = YES;
				CLANG_ENABLE_OBJC_ARC = YES;
				CLANG_WARN_BOOL_CONVERSION = YES;
				CLANG_WARN_CONSTANT_CONVERSION = YES;
				CLANG_WARN_DIRECT_OBJC_ISA_USAGE = YES_ERROR;
				CLANG_WARN_EMPTY_BODY = YES;
				CLANG_WARN_ENUM_CONVERSION = YES;
				CLANG_WARN_INT_CONVERSION = YES;
				CLANG_WARN_OBJC_ROOT_CLASS = YES_ERROR;
				CLANG_WARN_UNREACHABLE_CODE = YES;
				CLANG_WARN__DUPLICATE_METHOD_MATCH = YES;
				"CODE_SIGN_IDENTITY[sdk=iphoneos*]" = "iPhone Developer";
				COPY_PHASE_STRIP = NO;
				DEBUG_INFORMATION_FORMAT = dwarf;
				ENABLE_STRICT_OBJC_MSGSEND = YES;
				ENABLE_TESTABILITY = YES;
				GCC_C_LANGUAGE_STANDARD = gnu99;
				GCC_DYNAMIC_NO_PIC = NO;
				GCC_NO_COMMON_BLOCKS = YES;
				GCC_OPTIMIZATION_LEVEL = 0;
				GCC_PREPROCESSOR_DEFINITIONS = (
					"DEBUG=1",
					"$(inherited)",
				);
				GCC_WARN_64_TO_32_BIT_CONVERSION = YES;
				GCC_WARN_ABOUT_RETURN_TYPE = YES_ERROR;
				GCC_WARN_UNDECLARED_SELECTOR = YES;
				GCC_WARN_UNINITIALIZED_AUTOS = YES_AGGRESSIVE;
				GCC_WARN_UNUSED_FUNCTION = YES;
				GCC_WARN_UNUSED_VARIABLE = YES;
				IPHONEOS_DEPLOYMENT_TARGET = 9.3;
				MTL_ENABLE_DEBUG_INFO = YES;
				ONLY_ACTIVE_ARCH = YES;
				SDKROOT = iphoneos;
				SWIFT_OPTIMIZATION_LEVEL = "-Onone";
			};
			name = Debug;
		};
		04BA46BB1CA1C9350005B0D8 /* Release */ = {
			isa = XCBuildConfiguration;
			buildSettings = {
				ALWAYS_SEARCH_USER_PATHS = NO;
				CLANG_ANALYZER_NONNULL = YES;
				CLANG_CXX_LANGUAGE_STANDARD = "gnu++0x";
				CLANG_CXX_LIBRARY = "libc++";
				CLANG_ENABLE_MODULES = YES;
				CLANG_ENABLE_OBJC_ARC = YES;
				CLANG_WARN_BOOL_CONVERSION = YES;
				CLANG_WARN_CONSTANT_CONVERSION = YES;
				CLANG_WARN_DIRECT_OBJC_ISA_USAGE = YES_ERROR;
				CLANG_WARN_EMPTY_BODY = YES;
				CLANG_WARN_ENUM_CONVERSION = YES;
				CLANG_WARN_INT_CONVERSION = YES;
				CLANG_WARN_OBJC_ROOT_CLASS = YES_ERROR;
				CLANG_WARN_UNREACHABLE_CODE = YES;
				CLANG_WARN__DUPLICATE_METHOD_MATCH = YES;
				"CODE_SIGN_IDENTITY[sdk=iphoneos*]" = "iPhone Developer";
				COPY_PHASE_STRIP = NO;
				DEBUG_INFORMATION_FORMAT = "dwarf-with-dsym";
				ENABLE_NS_ASSERTIONS = NO;
				ENABLE_STRICT_OBJC_MSGSEND = YES;
				GCC_C_LANGUAGE_STANDARD = gnu99;
				GCC_NO_COMMON_BLOCKS = YES;
				GCC_WARN_64_TO_32_BIT_CONVERSION = YES;
				GCC_WARN_ABOUT_RETURN_TYPE = YES_ERROR;
				GCC_WARN_UNDECLARED_SELECTOR = YES;
				GCC_WARN_UNINITIALIZED_AUTOS = YES_AGGRESSIVE;
				GCC_WARN_UNUSED_FUNCTION = YES;
				GCC_WARN_UNUSED_VARIABLE = YES;
				IPHONEOS_DEPLOYMENT_TARGET = 9.3;
				MTL_ENABLE_DEBUG_INFO = NO;
				SDKROOT = iphoneos;
				VALIDATE_PRODUCT = YES;
			};
			name = Release;
		};
		04BA46BD1CA1C9350005B0D8 /* Debug */ = {
			isa = XCBuildConfiguration;
			buildSettings = {
				ASSETCATALOG_COMPILER_APPICON_NAME = AppIcon;
				INFOPLIST_FILE = JasonShepherdTicTacToe/Info.plist;
				LD_RUNPATH_SEARCH_PATHS = "$(inherited) @executable_path/Frameworks";
				PRODUCT_BUNDLE_IDENTIFIER = edu.slcc.csis2640.JasonShepherdTicTacToe;
				PRODUCT_NAME = "$(TARGET_NAME)";
			};
			name = Debug;
		};
		04BA46BE1CA1C9350005B0D8 /* Release */ = {
			isa = XCBuildConfiguration;
			buildSettings = {
				ASSETCATALOG_COMPILER_APPICON_NAME = AppIcon;
				INFOPLIST_FILE = JasonShepherdTicTacToe/Info.plist;
				LD_RUNPATH_SEARCH_PATHS = "$(inherited) @executable_path/Frameworks";
				PRODUCT_BUNDLE_IDENTIFIER = edu.slcc.csis2640.JasonShepherdTicTacToe;
				PRODUCT_NAME = "$(TARGET_NAME)";
			};
			name = Release;
		};
		04BA46C01CA1C9350005B0D8 /* Debug */ = {
			isa = XCBuildConfiguration;
			buildSettings = {
				BUNDLE_LOADER = "$(TEST_HOST)";
				INFOPLIST_FILE = JasonShepherdTicTacToeTests/Info.plist;
				LD_RUNPATH_SEARCH_PATHS = "$(inherited) @executable_path/Frameworks @loader_path/Frameworks";
				PRODUCT_BUNDLE_IDENTIFIER = edu.slcc.csis2640.JasonShepherdTicTacToeTests;
				PRODUCT_NAME = "$(TARGET_NAME)";
				TEST_HOST = "$(BUILT_PRODUCTS_DIR)/JasonShepherdTicTacToe.app/JasonShepherdTicTacToe";
			};
			name = Debug;
		};
		04BA46C11CA1C9350005B0D8 /* Release */ = {
			isa = XCBuildConfiguration;
			buildSettings = {
				BUNDLE_LOADER = "$(TEST_HOST)";
				INFOPLIST_FILE = JasonShepherdTicTacToeTests/Info.plist;
				LD_RUNPATH_SEARCH_PATHS = "$(inherited) @executable_path/Frameworks @loader_path/Frameworks";
				PRODUCT_BUNDLE_IDENTIFIER = edu.slcc.csis2640.JasonShepherdTicTacToeTests;
				PRODUCT_NAME = "$(TARGET_NAME)";
				TEST_HOST = "$(BUILT_PRODUCTS_DIR)/JasonShepherdTicTacToe.app/JasonShepherdTicTacToe";
			};
			name = Release;
		};
		04BA46C31CA1C9350005B0D8 /* Debug */ = {
			isa = XCBuildConfiguration;
			buildSettings = {
				INFOPLIST_FILE = JasonShepherdTicTacToeUITests/Info.plist;
				LD_RUNPATH_SEARCH_PATHS = "$(inherited) @executable_path/Frameworks @loader_path/Frameworks";
				PRODUCT_BUNDLE_IDENTIFIER = edu.slcc.csis2640.JasonShepherdTicTacToeUITests;
				PRODUCT_NAME = "$(TARGET_NAME)";
				TEST_TARGET_NAME = JasonShepherdTicTacToe;
			};
			name = Debug;
		};
		04BA46C41CA1C9350005B0D8 /* Release */ = {
			isa = XCBuildConfiguration;
			buildSettings = {
				INFOPLIST_FILE = JasonShepherdTicTacToeUITests/Info.plist;
				LD_RUNPATH_SEARCH_PATHS = "$(inherited) @executable_path/Frameworks @loader_path/Frameworks";
				PRODUCT_BUNDLE_IDENTIFIER = edu.slcc.csis2640.JasonShepherdTicTacToeUITests;
				PRODUCT_NAME = "$(TARGET_NAME)";
				TEST_TARGET_NAME = JasonShepherdTicTacToe;
			};
			name = Release;
		};
/* End XCBuildConfiguration section */

/* Begin XCConfigurationList section */
		04BA468F1CA1C9340005B0D8 /* Build configuration list for PBXProject "JasonShepherdTicTacToe" */ = {
			isa = XCConfigurationList;
			buildConfigurations = (
				04BA46BA1CA1C9350005B0D8 /* Debug */,
				04BA46BB1CA1C9350005B0D8 /* Release */,
			);
			defaultConfigurationIsVisible = 0;
			defaultConfigurationName = Release;
		};
		04BA46BC1CA1C9350005B0D8 /* Build configuration list for PBXNativeTarget "JasonShepherdTicTacToe" */ = {
			isa = XCConfigurationList;
			buildConfigurations = (
				04BA46BD1CA1C9350005B0D8 /* Debug */,
				04BA46BE1CA1C9350005B0D8 /* Release */,
			);
			defaultConfigurationIsVisible = 0;
			defaultConfigurationName = Release;
		};
		04BA46BF1CA1C9350005B0D8 /* Build configuration list for PBXNativeTarget "JasonShepherdTicTacToeTests" */ = {
			isa = XCConfigurationList;
			buildConfigurations = (
				04BA46C01CA1C9350005B0D8 /* Debug */,
				04BA46C11CA1C9350005B0D8 /* Release */,
			);
			defaultConfigurationIsVisible = 0;
			defaultConfigurationName = Release;
		};
		04BA46C21CA1C9350005B0D8 /* Build configuration list for PBXNativeTarget "JasonShepherdTicTacToeUITests" */ = {
			isa = XCConfigurationList;
			buildConfigurations = (
				04BA46C31CA1C9350005B0D8 /* Debug */,
				04BA46C41CA1C9350005B0D8 /* Release */,
			);
			defaultConfigurationIsVisible = 0;
			defaultConfigurationName = Release;
		};
/* End XCConfigurationList section */
	};
	rootObject = 04BA468C1CA1C9340005B0D8 /* Project object */;
}
